
Microsoft Visual Studio Solution File, Format Version 12.00
# Visual Studio Version 17
VisualStudioVersion = 17.14.37516.0 d17.14
MinimumVisualStudioVersion = 10.0.40219.1
Project("{FAE04EC0-301F-11D3-BF4B-00C04F79EFBC}") = "MacroKeyboardSync", "MacroKeyboardSync.csproj", "{9496A67F-0B64-7CC5-94BD-B8E1D5C4696F}"
EndProject
Global
	GlobalSection(SolutionConfigurationPlatforms) = preSolution
		Debug|Any CPU = Debug|Any CPU
		Release|Any CPU = Release|Any CPU
	EndGlobalSection
	GlobalSection(ProjectConfigurationPlatforms) = postSolution
		{9496A67F-0B64-7CC5-94BD-B8E1D5C4696F}.Debug|Any CPU.ActiveCfg = Debug|Any CPU
		{9496A67F-0B64-7CC5-94BD-B8E1D5C4696F}.Debug|Any CPU.Build.0 = Debug|Any CPU
		{9496A67F-0B64-7CC5-94BD-B8E1D5C4696F}.Release|Any CPU.ActiveCfg = Release|Any CPU
		{9496A67F-0B64-7CC5-94BD-B8E1D5C4696F}.Release|Any CPU.Build.0 = Release|Any CPU
	EndGlobalSection
	GlobalSection(SolutionProperties) = preSolution
		HideSolutionNode = FALSE
	EndGlobalSection
	GlobalSection(ExtensibilityGlobals) = postSolution
		SolutionGuid = {681516AB-2A1B-44D5-B7D2-3AC4FFDB8385}
	EndGlobalSection
EndGlobal
